
Microsoft Visual Studio Solution File, Format Version 12.00
# Visual Studio 14
VisualStudioVersion = 14.0.25123.0
MinimumVisualStudioVersion = 10.0.40219.1
Project("{FAE04EC0-301F-11D3-BF4B-00C04F79EFBC}") = "practice1", "PracriceThing\practice1.csproj", "{E6533BCE-72FD-421F-99B8-9FF00E5BBF5C}"
EndProject
Project("{FAE04EC0-301F-11D3-BF4B-00C04F79EFBC}") = "practice2", "practice2\practice2.csproj", "{274B8CCB-F9D7-4875-8749-C92D52C94D4F}"
EndProject
Project("{FAE04EC0-301F-11D3-BF4B-00C04F79EFBC}") = "Leetcode", "practice3\Leetcode.csproj", "{124AAB1C-DD69-43E3-AD9E-26DB25CB0B5C}"
EndProject
Global
	GlobalSection(SolutionConfigurationPlatforms) = preSolution
		Debug|Any CPU = Debug|Any CPU
		Debug|ARM = Debug|ARM
		Debug|x64 = Debug|x64
		Debug|x86 = Debug|x86
		Release|Any CPU = Release|Any CPU
		Release|ARM = Release|ARM
		Release|x64 = Release|x64
		Release|x86 = Release|x86
	EndGlobalSection
	GlobalSection(ProjectConfigurationPlatforms) = postSolution
		{E6533BCE-72FD-421F-99B8-9FF00E5BBF5C}.Debug|Any CPU.ActiveCfg = Debug|Any CPU
		{E6533BCE-72FD-421F-99B8-9FF00E5BBF5C}.Debug|Any CPU.Build.0 = Debug|Any CPU
		{E6533BCE-72FD-421F-99B8-9FF00E5BBF5C}.Debug|ARM.ActiveCfg = Debug|Any CPU
		{E6533BCE-72FD-421F-99B8-9FF00E5BBF5C}.Debug|ARM.Build.0 = Debug|Any CPU
		{E6533BCE-72FD-421F-99B8-9FF00E5BBF5C}.Debug|x64.ActiveCfg = Debug|Any CPU
		{E6533BCE-72FD-421F-99B8-9FF00E5BBF5C}.Debug|x64.Build.0 = Debug|Any CPU
		{E6533BCE-72FD-421F-99B8-9FF00E5BBF5C}.Debug|x86.ActiveCfg = Debug|Any CPU
		{E6533BCE-72FD-421F-99B8-9FF00E5BBF5C}.Debug|x86.Build.0 = Debug|Any CPU
		{E6533BCE-72FD-421F-99B8-9FF00E5BBF5C}.Release|Any CPU.ActiveCfg = Release|Any CPU
		{E6533BCE-72FD-421F-99B8-9FF00E5BBF5C}.Release|Any CPU.Build.0 = Release|Any CPU
		{E6533BCE-72FD-421F-99B8-9FF00E5BBF5C}.Release|ARM.ActiveCfg = Release|Any CPU
		{E6533BCE-72FD-421F-99B8-9FF00E5BBF5C}.Release|ARM.Build.0 = Release|Any CPU
		{E6533BCE-72FD-421F-99B8-9FF00E5BBF5C}.Release|x64.ActiveCfg = Release|Any CPU
		{E6533BCE-72FD-421F-99B8-9FF00E5BBF5C}.Release|x64.Build.0 = Release|Any CPU
		{E6533BCE-72FD-421F-99B8-9FF00E5BBF5C}.Release|x86.ActiveCfg = Release|Any CPU
		{E6533BCE-72FD-421F-99B8-9FF00E5BBF5C}.Release|x86.Build.0 = Release|Any CPU
		{274B8CCB-F9D7-4875-8749-C92D52C94D4F}.Debug|Any CPU.ActiveCfg = Debug|Any CPU
		{274B8CCB-F9D7-4875-8749-C92D52C94D4F}.Debug|Any CPU.Build.0 = Debug|Any CPU
		{274B8CCB-F9D7-4875-8749-C92D52C94D4F}.Debug|ARM.ActiveCfg = Debug|Any CPU
		{274B8CCB-F9D7-4875-8749-C92D52C94D4F}.Debug|ARM.Build.0 = Debug|Any CPU
		{274B8CCB-F9D7-4875-8749-C92D52C94D4F}.Debug|x64.ActiveCfg = Debug|Any CPU
		{274B8CCB-F9D7-4875-8749-C92D52C94D4F}.Debug|x64.Build.0 = Debug|Any CPU
		{274B8CCB-F9D7-4875-8749-C92D52C94D4F}.Debug|x86.ActiveCfg = Debug|Any CPU
		{274B8CCB-F9D7-4875-8749-C92D52C94D4F}.Debug|x86.Build.0 = Debug|Any CPU
		{274B8CCB-F9D7-4875-8749-C92D52C94D4F}.Release|Any CPU.ActiveCfg = Release|Any CPU
		{274B8CCB-F9D7-4875-8749-C92D52C94D4F}.Release|Any CPU.Build.0 = Release|Any CPU
		{274B8CCB-F9D7-4875-8749-C92D52C94D4F}.Release|ARM.ActiveCfg = Release|Any CPU
		{274B8CCB-F9D7-4875-8749-C92D52C94D4F}.Release|ARM.Build.0 = Release|Any CPU
		{274B8CCB-F9D7-4875-8749-C92D52C94D4F}.Release|x64.ActiveCfg = Release|Any CPU
		{274B8CCB-F9D7-4875-8749-C92D52C94D4F}.Release|x64.Build.0 = Release|Any CPU
		{274B8CCB-F9D7-4875-8749-C92D52C94D4F}.Release|x86.ActiveCfg = Release|Any CPU
		{274B8CCB-F9D7-4875-8749-C92D52C94D4F}.Release|x86.Build.0 = Release|Any CPU
		{124AAB1C-DD69-43E3-AD9E-26DB25CB0B5C}.Debug|Any CPU.ActiveCfg = Debug|Any CPU
		{124AAB1C-DD69-43E3-AD9E-26DB25CB0B5C}.Debug|Any CPU.Build.0 = Debug|Any CPU
		{124AAB1C-DD69-43E3-AD9E-26DB25CB0B5C}.Debug|ARM.ActiveCfg = Debug|Any CPU
		{124AAB1C-DD69-43E3-AD9E-26DB25CB0B5C}.Debug|ARM.Build.0 = Debug|Any CPU
		{124AAB1C-DD69-43E3-AD9E-26DB25CB0B5C}.Debug|x64.ActiveCfg = Debug|Any CPU
		{124AAB1C-DD69-43E3-AD9E-26DB25CB0B5C}.Debug|x64.Build.0 = Debug|Any CPU
		{124AAB1C-DD69-43E3-AD9E-26DB25CB0B5C}.Debug|x86.ActiveCfg = Debug|Any CPU
		{124AAB1C-DD69-43E3-AD9E-26DB25CB0B5C}.Debug|x86.Build.0 = Debug|Any CPU
		{124AAB1C-DD69-43E3-AD9E-26DB25CB0B5C}.Release|Any CPU.ActiveCfg = Release|Any CPU
		{124AAB1C-DD69-43E3-AD9E-26DB25CB0B5C}.Release|Any CPU.Build.0 = Release|Any CPU
		{124AAB1C-DD69-43E3-AD9E-26DB25CB0B5C}.Release|ARM.ActiveCfg = Release|Any CPU
		{124AAB1C-DD69-43E3-AD9E-26DB25CB0B5C}.Release|ARM.Build.0 = Release|Any CPU
		{124AAB1C-DD69-43E3-AD9E-26DB25CB0B5C}.Release|x64.ActiveCfg = Release|Any CPU
		{124AAB1C-DD69-43E3-AD9E-26DB25CB0B5C}.Release|x64.Build.0 = Release|Any CPU
		{124AAB1C-DD69-43E3-AD9E-26DB25CB0B5C}.Release|x86.ActiveCfg = Release|Any CPU
		{124AAB1C-DD69-43E3-AD9E-26DB25CB0B5C}.Release|x86.Build.0 = Release|Any CPU
	EndGlobalSection
	GlobalSection(SolutionProperties) = preSolution
		HideSolutionNode = FALSE
	EndGlobalSection
EndGlobal
